// !$*UTF8*$!
{
	archiveVersion = 1;
	classes = {
	};
	objectVersion = 50;
	objects = {

/* Begin PBXBuildFile section */
		AA123AA9229D14720080B6FF /* AppDelegate.swift in Sources */ = {isa = PBXBuildFile; fileRef = AA123AA8229D14720080B6FF /* AppDelegate.swift */; };
		AA123AAB229D14720080B6FF /* ViewController.swift in Sources */ = {isa = PBXBuildFile; fileRef = AA123AAA229D14720080B6FF /* ViewController.swift */; };
		AA123AAE229D14720080B6FF /* Main.storyboard in Resources */ = {isa = PBXBuildFile; fileRef = AA123AAC229D14720080B6FF /* Main.storyboard */; };
		AA123AB1229D14720080B6FF /* test.xcdatamodeld in Sources */ = {isa = PBXBuildFile; fileRef = AA123AAF229D14720080B6FF /* test.xcdatamodeld */; };
		AA123AB3229D14740080B6FF /* Assets.xcassets in Resources */ = {isa = PBXBuildFile; fileRef = AA123AB2229D14740080B6FF /* Assets.xcassets */; };
		AA123AB6229D14740080B6FF /* LaunchScreen.storyboard in Resources */ = {isa = PBXBuildFile; fileRef = AA123AB4229D14740080B6FF /* LaunchScreen.storyboard */; };
		AA123AC1229D14750080B6FF /* testTests.swift in Sources */ = {isa = PBXBuildFile; fileRef = AA123AC0229D14750080B6FF /* testTests.swift */; };
		AA123ACC229D14750080B6FF /* testUITests.swift in Sources */ = {isa = PBXBuildFile; fileRef = AA123ACB229D14750080B6FF /* testUITests.swift */; };
/* End PBXBuildFile section */

/* Begin PBXContainerItemProxy section */
		AA123ABD229D14750080B6FF /* PBXContainerItemProxy */ = {
			isa = PBXContainerItemProxy;
			containerPortal = AA123A9D229D14720080B6FF /* Project object */;
			proxyType = 1;
			remoteGlobalIDString = AA123AA4229D14720080B6FF;
			remoteInfo = test;
		};
		AA123AC8229D14750080B6FF /* PBXContainerItemProxy */ = {
			isa = PBXContainerItemProxy;
			containerPortal = AA123A9D229D14720080B6FF /* Project object */;
			proxyType = 1;
			remoteGlobalIDString = AA123AA4229D14720080B6FF;
			remoteInfo = test;
		};
/* End PBXContainerItemProxy section */

/* Begin PBXFileReference section */
		AA123AA5229D14720080B6FF /* test.app */ = {isa = PBXFileReference; explicitFileType = wrapper.application; includeInIndex = 0; path = test.app; sourceTree = BUILT_PRODUCTS_DIR; };
		AA123AA8229D14720080B6FF /* AppDelegate.swift */ = {isa = PBXFileReference; lastKnownFileType = sourcecode.swift; path = AppDelegate.swift; sourceTree = "<group>"; };
		AA123AAA229D14720080B6FF /* ViewController.swift */ = {isa = PBXFileReference; lastKnownFileType = sourcecode.swift; path = ViewController.swift; sourceTree = "<group>"; };
		AA123AAD229D14720080B6FF /* Base */ = {isa = PBXFileReference; lastKnownFileType = file.storyboard; name = Base; path = Base.lproj/Main.storyboard; sourceTree = "<group>"; };
		AA123AB0229D14720080B6FF /* test.xcdatamodel */ = {isa = PBXFileReference; lastKnownFileType = wrapper.xcdatamodel; path = test.xcdatamodel; sourceTree = "<group>"; };
		AA123AB2229D14740080B6FF /* Assets.xcassets */ = {isa = PBXFileReference; lastKnownFileType = folder.assetcatalog; path = Assets.xcassets; sourceTree = "<group>"; };
		AA123AB5229D14740080B6FF /* Base */ = {isa = PBXFileReference; lastKnownFileType = file.storyboard; name = Base; path = Base.lproj/LaunchScreen.storyboard; sourceTree = "<group>"; };
		AA123AB7229D14740080B6FF /* Info.plist */ = {isa = PBXFileReference; lastKnownFileType = text.plist.xml; path = Info.plist; sourceTree = "<group>"; };
		AA123ABC229D14750080B6FF /* testTests.xctest */ = {isa = PBXFileReference; explicitFileType = wrapper.cfbundle; includeInIndex = 0; path = testTests.xctest; sourceTree = BUILT_PRODUCTS_DIR; };
		AA123AC0229D14750080B6FF /* testTests.swift */ = {isa = PBXFileReference; lastKnownFileType = sourcecode.swift; path = testTests.swift; sourceTree = "<group>"; };
		AA123AC2229D14750080B6FF /* Info.plist */ = {isa = PBXFileReference; lastKnownFileType = text.plist.xml; path = Info.plist; sourceTree = "<group>"; };
		AA123AC7229D14750080B6FF /* testUITests.xctest */ = {isa = PBXFileReference; explicitFileType = wrapper.cfbundle; includeInIndex = 0; path = testUITests.xctest; sourceTree = BUILT_PRODUCTS_DIR; };
		AA123ACB229D14750080B6FF /* testUITests.swift */ = {isa = PBXFileReference; lastKnownFileType = sourcecode.swift; path = testUITests.swift; sourceTree = "<group>"; };
		AA123ACD229D14750080B6FF /* Info.plist */ = {isa = PBXFileReference; lastKnownFileType = text.plist.xml; path = Info.plist; sourceTree = "<group>"; };
/* End PBXFileReference section */

/* Begin PBXFrameworksBuildPhase section */
		AA123AA2229D14720080B6FF /* Frameworks */ = {
			isa = PBXFrameworksBuildPhase;
			buildActionMask = 2147483647;
			files = (
			);
			runOnlyForDeploymentPostprocessing = 0;
		};
		AA123AB9229D14750080B6FF /* Frameworks */ = {
			isa = PBXFrameworksBuildPhase;
			buildActionMask = 2147483647;
			files = (
			);
			runOnlyForDeploymentPostprocessing = 0;
		};
		AA123AC4229D14750080B6FF /* Frameworks */ = {
			isa = PBXFrameworksBuildPhase;
			buildActionMask = 2147483647;
			files = (
			);
			runOnlyForDeploymentPostprocessing = 0;
		};
/* End PBXFrameworksBuildPhase section */

/* Begin PBXGroup section */
		AA123A9C229D14720080B6FF = {
			isa = PBXGroup;
			children = (
				AA123AA7229D14720080B6FF /* test */,
				AA123ABF229D14750080B6FF /* testTests */,
				AA123ACA229D14750080B6FF /* testUITests */,
				AA123AA6229D14720080B6FF /* Products */,
			);
			sourceTree = "<group>";
		};
		AA123AA6229D14720080B6FF /* Products */ = {
			isa = PBXGroup;
			children = (
				AA123AA5229D14720080B6FF /* test.app */,
				AA123ABC229D14750080B6FF /* testTests.xctest */,
				AA123AC7229D14750080B6FF /* testUITests.xctest */,
			);
			name = Products;
			sourceTree = "<group>";
		};
		AA123AA7229D14720080B6FF /* test */ = {
			isa = PBXGroup;
			children = (
				AA123AA8229D14720080B6FF /* AppDelegate.swift */,
				AA123AAA229D14720080B6FF /* ViewController.swift */,
				AA123AAC229D14720080B6FF /* Main.storyboard */,
				AA123AB2229D14740080B6FF /* Assets.xcassets */,
				AA123AB4229D14740080B6FF /* LaunchScreen.storyboard */,
				AA123AB7229D14740080B6FF /* Info.plist */,
				AA123AAF229D14720080B6FF /* test.xcdatamodeld */,
			);
			path = test;
			sourceTree = "<group>";
		};
		AA123ABF229D14750080B6FF /* testTests */ = {
			isa = PBXGroup;
			children = (
				AA123AC0229D14750080B6FF /* testTests.swift */,
				AA123AC2229D14750080B6FF /* Info.plist */,
			);
			path = testTests;
			sourceTree = "<group>";
		};
		AA123ACA229D14750080B6FF /* testUITests */ = {
			isa = PBXGroup;
			children = (
				AA123ACB229D14750080B6FF /* testUITests.swift */,
				AA123ACD229D14750080B6FF /* Info.plist */,
			);
			path = testUITests;
			sourceTree = "<group>";
		};
/* End PBXGroup section */

/* Begin PBXNativeTarget section */
		AA123AA4229D14720080B6FF /* test */ = {
			isa = PBXNativeTarget;
			buildConfigurationList = AA123AD0229D14750080B6FF /* Build configuration list for PBXNativeTarget "test" */;
			buildPhases = (
				AA123AA1229D14720080B6FF /* Sources */,
				AA123AA2229D14720080B6FF /* Frameworks */,
				AA123AA3229D14720080B6FF /* Resources */,
			);
			buildRules = (
			);
			dependencies = (
			);
			name = test;
			productName = test;
			productReference = AA123AA5229D14720080B6FF /* test.app */;
			productType = "com.apple.product-type.application";
		};
		AA123ABB229D14750080B6FF /* testTests */ = {
			isa = PBXNativeTarget;
			buildConfigurationList = AA123AD3229D14750080B6FF /* Build configuration list for PBXNativeTarget "testTests" */;
			buildPhases = (
				AA123AB8229D14750080B6FF /* Sources */,
				AA123AB9229D14750080B6FF /* Frameworks */,
				AA123ABA229D14750080B6FF /* Resources */,
			);
			buildRules = (
			);
			dependencies = (
				AA123ABE229D14750080B6FF /* PBXTargetDependency */,
			);
			name = testTests;
			productName = testTests;
			productReference = AA123ABC229D14750080B6FF /* testTests.xctest */;
			productType = "com.apple.product-type.bundle.unit-test";
		};
		AA123AC6229D14750080B6FF /* testUITests */ = {
			isa = PBXNativeTarget;
			buildConfigurationList = AA123AD6229D14750080B6FF /* Build configuration list for PBXNativeTarget "testUITests" */;
			buildPhases = (
				AA123AC3229D14750080B6FF /* Sources */,
				AA123AC4229D14750080B6FF /* Frameworks */,
				AA123AC5229D14750080B6FF /* Resources */,
			);
			buildRules = (
			);
			dependencies = (
				AA123AC9229D14750080B6FF /* PBXTargetDependency */,
			);
			name = testUITests;
			productName = testUITests;
			productReference = AA123AC7229D14750080B6FF /* testUITests.xctest */;
			productType = "com.apple.product-type.bundle.ui-testing";
		};
/* End PBXNativeTarget section */

/* Begin PBXProject section */
		AA123A9D229D14720080B6FF /* Project object */ = {
			isa = PBXProject;
			attributes = {
				LastSwiftUpdateCheck = 1020;
				LastUpgradeCheck = 1020;
				ORGANIZATIONNAME = Saqib;
				TargetAttributes = {
					AA123AA4229D14720080B6FF = {
						CreatedOnToolsVersion = 10.2.1;
					};
					AA123ABB229D14750080B6FF = {
						CreatedOnToolsVersion = 10.2.1;
						TestTargetID = AA123AA4229D14720080B6FF;
					};
					AA123AC6229D14750080B6FF = {
						CreatedOnToolsVersion = 10.2.1;
						TestTargetID = AA123AA4229D14720080B6FF;
					};
				};
			};
			buildConfigurationList = AA123AA0229D14720080B6FF /* Build configuration list for PBXProject "test" */;
			compatibilityVersion = "Xcode 9.3";
			developmentRegion = en;
			hasScannedForEncodings = 0;
			knownRegions = (
				en,
				Base,
			);
			mainGroup = AA123A9C229D14720080B6FF;
			productRefGroup = AA123AA6229D14720080B6FF /* Products */;
			projectDirPath = "";
			projectRoot = "";
			targets = (
				AA123AA4229D14720080B6FF /* test */,
				AA123ABB229D14750080B6FF /* testTests */,
				AA123AC6229D14750080B6FF /* testUITests */,
			);
		};
/* End PBXProject section */

/* Begin PBXResourcesBuildPhase section */
		AA123AA3229D14720080B6FF /* Resources */ = {
			isa = PBXResourcesBuildPhase;
			buildActionMask = 2147483647;
			files = (
				AA123AB6229D14740080B6FF /* LaunchScreen.storyboard in Resources */,
				AA123AB3229D14740080B6FF /* Assets.xcassets in Resources */,
				AA123AAE229D14720080B6FF /* Main.storyboard in Resources */,
			);
			runOnlyForDeploymentPostprocessing = 0;
		};
		AA123ABA229D14750080B6FF /* Resources */ = {
			isa = PBXResourcesBuildPhase;
			buildActionMask = 2147483647;
			files = (
			);
			runOnlyForDeploymentPostprocessing = 0;
		};
		AA123AC5229D14750080B6FF /* Resources */ = {
			isa = PBXResourcesBuildPhase;
			buildActionMask = 2147483647;
			files = (
			);
			runOnlyForDeploymentPostprocessing = 0;
		};
/* End PBXResourcesBuildPhase section */

/* Begin PBXSourcesBuildPhase section */
		AA123AA1229D14720080B6FF /* Sources */ = {
			isa = PBXSourcesBuildPhase;
			buildActionMask = 2147483647;
			files = (
				AA123AAB229D14720080B6FF /* ViewController.swift in Sources */,
				AA123AA9229D14720080B6FF /* AppDelegate.swift in Sources */,
				AA123AB1229D14720080B6FF /* test.xcdatamodeld in Sources */,
			);
			runOnlyForDeploymentPostprocessing = 0;
		};
		AA123AB8229D14750080B6FF /* Sources */ = {
			isa = PBXSourcesBuildPhase;
			buildActionMask = 2147483647;
			files = (
				AA123AC1229D14750080B6FF /* testTests.swift in Sources */,
			);
			runOnlyForDeploymentPostprocessing = 0;
		};
		AA123AC3229D14750080B6FF /* Sources */ = {
			isa = PBXSourcesBuildPhase;
			buildActionMask = 2147483647;
			files = (
				AA123ACC229D14750080B6FF /* testUITests.swift in Sources */,
			);
			runOnlyForDeploymentPostprocessing = 0;
		};
/* End PBXSourcesBuildPhase section */

/* Begin PBXTargetDependency section */
		AA123ABE229D14750080B6FF /* PBXTargetDependency */ = {
			isa = PBXTargetDependency;
			target = AA123AA4229D14720080B6FF /* test */;
			targetProxy = AA123ABD229D14750080B6FF /* PBXContainerItemProxy */;
		};
		AA123AC9229D14750080B6FF /* PBXTargetDependency */ = {
			isa = PBXTargetDependency;
			target = AA123AA4229D14720080B6FF /* test */;
			targetProxy = AA123AC8229D14750080B6FF /* PBXContainerItemProxy */;
		};
/* End PBXTargetDependency section */

/* Begin PBXVariantGroup section */
		AA123AAC229D14720080B6FF /* Main.storyboard */ = {
			isa = PBXVariantGroup;
			children = (
				AA123AAD229D14720080B6FF /* Base */,
			);
			name = Main.storyboard;
			sourceTree = "<group>";
		};
		AA123AB4229D14740080B6FF /* LaunchScreen.storyboard */ = {
			isa = PBXVariantGroup;
			children = (
				AA123AB5229D14740080B6FF /* Base */,
			);
			name = LaunchScreen.storyboard;
			sourceTree = "<group>";
		};
/* End PBXVariantGroup section */

/* Begin XCBuildConfiguration section */
		AA123ACE229D14750080B6FF /* Debug */ = {
			isa = XCBuildConfiguration;
			buildSettings = {
				ALWAYS_SEARCH_USER_PATHS = NO;
				CLANG_ANALYZER_NONNULL = YES;
				CLANG_ANALYZER_NUMBER_OBJECT_CONVERSION = YES_AGGRESSIVE;
				CLANG_CXX_LANGUAGE_STANDARD = "gnu++14";
				CLANG_CXX_LIBRARY = "libc++";
				CLANG_ENABLE_MODULES = YES;
				CLANG_ENABLE_OBJC_ARC = YES;
				CLANG_ENABLE_OBJC_WEAK = YES;
				CLANG_WARN_BLOCK_CAPTURE_AUTORELEASING = YES;
				CLANG_WARN_BOOL_CONVERSION = YES;
				CLANG_WARN_COMMA = YES;
				CLANG_WARN_CONSTANT_CONVERSION = YES;
				CLANG_WARN_DEPRECATED_OBJC_IMPLEMENTATIONS = YES;
				CLANG_WARN_DIRECT_OBJC_ISA_USAGE = YES_ERROR;
				CLANG_WARN_DOCUMENTATION_COMMENTS = YES;
				CLANG_WARN_EMPTY_BODY = YES;
				CLANG_WARN_ENUM_CONVERSION = YES;
				CLANG_WARN_INFINITE_RECURSION = YES;
				CLANG_WARN_INT_CONVERSION = YES;
				CLANG_WARN_NON_LITERAL_NULL_CONVERSION = YES;
				CLANG_WARN_OBJC_IMPLICIT_RETAIN_SELF = YES;
				CLANG_WARN_OBJC_LITERAL_CONVERSION = YES;
				CLANG_WARN_OBJC_ROOT_CLASS = YES_ERROR;
				CLANG_WARN_RANGE_LOOP_ANALYSIS = YES;
				CLANG_WARN_STRICT_PROTOTYPES = YES;
				CLANG_WARN_SUSPICIOUS_MOVE = YES;
				CLANG_WARN_UNGUARDED_AVAILABILITY = YES_AGGRESSIVE;
				CLANG_WARN_UNREACHABLE_CODE = YES;
				CLANG_WARN__DUPLICATE_METHOD_MATCH = YES;
				CODE_SIGN_IDENTITY = "iPhone Developer";
				COPY_PHASE_STRIP = NO;
				DEBUG_INFORMATION_FORMAT = dwarf;
				ENABLE_STRICT_OBJC_MSGSEND = YES;
				ENABLE_TESTABILITY = YES;
				GCC_C_LANGUAGE_STANDARD = gnu11;
				GCC_DYNAMIC_NO_PIC = NO;
				GCC_NO_COMMON_BLOCKS = YES;
				GCC_OPTIMIZATION_LEVEL = 0;
				GCC_PREPROCESSOR_DEFINITIONS = (
					"DEBUG=1",
					"$(inherited)",
				);
				GCC_WARN_64_TO_32_BIT_CONVERSION = YES;
				GCC_WARN_ABOUT_RETURN_TYPE = YES_ERROR;
				GCC_WARN_UNDECLARED_SELECTOR = YES;
				GCC_WARN_UNINITIALIZED_AUTOS = YES_AGGRESSIVE;
				GCC_WARN_UNUSED_FUNCTION = YES;
				GCC_WARN_UNUSED_VARIABLE = YES;
				IPHONEOS_DEPLOYMENT_TARGET = 12.2;
				MTL_ENABLE_DEBUG_INFO = INCLUDE_SOURCE;
				MTL_FAST_MATH = YES;
				ONLY_ACTIVE_ARCH = YES;
				SDKROOT = iphoneos;
				SWIFT_ACTIVE_COMPILATION_CONDITIONS = DEBUG;
				SWIFT_OPTIMIZATION_LEVEL = "-Onone";
			};
			name = Debug;
		};
		AA123ACF229D14750080B6FF /* Release */ = {
			isa = XCBuildConfiguration;
			buildSettings = {
				ALWAYS_SEARCH_USER_PATHS = NO;
				CLANG_ANALYZER_NONNULL = YES;
				CLANG_ANALYZER_NUMBER_OBJECT_CONVERSION = YES_AGGRESSIVE;
				CLANG_CXX_LANGUAGE_STANDARD = "gnu++14";
				CLANG_CXX_LIBRARY = "libc++";
				CLANG_ENABLE_MODULES = YES;
				CLANG_ENABLE_OBJC_ARC = YES;
				CLANG_ENABLE_OBJC_WEAK = YES;
				CLANG_WARN_BLOCK_CAPTURE_AUTORELEASING = YES;
				CLANG_WARN_BOOL_CONVERSION = YES;
				CLANG_WARN_COMMA = YES;
				CLANG_WARN_CONSTANT_CONVERSION = YES;
				CLANG_WARN_DEPRECATED_OBJC_IMPLEMENTATIONS = YES;
				CLANG_WARN_DIRECT_OBJC_ISA_USAGE = YES_ERROR;
				CLANG_WARN_DOCUMENTATION_COMMENTS = YES;
				CLANG_WARN_EMPTY_BODY = YES;
				CLANG_WARN_ENUM_CONVERSION = YES;
				CLANG_WARN_INFINITE_RECURSION = YES;
				CLANG_WARN_INT_CONVERSION = YES;
				CLANG_WARN_NON_LITERAL_NULL_CONVERSION = YES;
				CLANG_WARN_OBJC_IMPLICIT_RETAIN_SELF = YES;
				CLANG_WARN_OBJC_LITERAL_CONVERSION = YES;
				CLANG_WARN_OBJC_ROOT_CLASS = YES_ERROR;
				CLANG_WARN_RANGE_LOOP_ANALYSIS = YES;
				CLANG_WARN_STRICT_PROTOTYPES = YES;
				CLANG_WARN_SUSPICIOUS_MOVE = YES;
				CLANG_WARN_UNGUARDED_AVAILABILITY = YES_AGGRESSIVE;
				CLANG_WARN_UNREACHABLE_CODE = YES;
				CLANG_WARN__DUPLICATE_METHOD_MATCH = YES;
				CODE_SIGN_IDENTITY = "iPhone Developer";
				COPY_PHASE_STRIP = NO;
				DEBUG_INFORMATION_FORMAT = "dwarf-with-dsym";
				ENABLE_NS_ASSERTIONS = NO;
				ENABLE_STRICT_OBJC_MSGSEND = YES;
				GCC_C_LANGUAGE_STANDARD = gnu11;
				GCC_NO_COMMON_BLOCKS = YES;
				GCC_WARN_64_TO_32_BIT_CONVERSION = YES;
				GCC_WARN_ABOUT_RETURN_TYPE = YES_ERROR;
				GCC_WARN_UNDECLARED_SELECTOR = YES;
				GCC_WARN_UNINITIALIZED_AUTOS = YES_AGGRESSIVE;
				GCC_WARN_UNUSED_FUNCTION = YES;
				GCC_WARN_UNUSED_VARIABLE = YES;
				IPHONEOS_DEPLOYMENT_TARGET = 12.2;
				MTL_ENABLE_DEBUG_INFO = NO;
				MTL_FAST_MATH = YES;
				SDKROOT = iphoneos;
				SWIFT_COMPILATION_MODE = wholemodule;
				SWIFT_OPTIMIZATION_LEVEL = "-O";
				VALIDATE_PRODUCT = YES;
			};
			name = Release;
		};
		AA123AD1229D14750080B6FF /* Debug */ = {
			isa = XCBuildConfiguration;
			buildSettings = {
				ASSETCATALOG_COMPILER_APPICON_NAME = AppIcon;
				CODE_SIGN_STYLE = Automatic;
				DEVELOPMENT_TEAM = 7LPSTH4CZ2;
				INFOPLIST_FILE = test/Info.plist;
				LD_RUNPATH_SEARCH_PATHS = (
					"$(inherited)",
					"@executable_path/Frameworks",
				);
				PRODUCT_BUNDLE_IDENTIFIER = "com.marley-spoon.test";
				PRODUCT_NAME = "$(TARGET_NAME)";
				SWIFT_VERSION = 5.0;
				TARGETED_DEVICE_FAMILY = "1,2";
			};
			name = Debug;
		};
		AA123AD2229D14750080B6FF /* Release */ = {
			isa = XCBuildConfiguration;
			buildSettings = {
				ASSETCATALOG_COMPILER_APPICON_NAME = AppIcon;
				CODE_SIGN_STYLE = Automatic;
				DEVELOPMENT_TEAM = 7LPSTH4CZ2;
				INFOPLIST_FILE = test/Info.plist;
				LD_RUNPATH_SEARCH_PATHS = (
					"$(inherited)",
					"@executable_path/Frameworks",
				);
				PRODUCT_BUNDLE_IDENTIFIER = "com.marley-spoon.test";
				PRODUCT_NAME = "$(TARGET_NAME)";
				SWIFT_VERSION = 5.0;
				TARGETED_DEVICE_FAMILY = "1,2";
			};
			name = Release;
		};
		AA123AD4229D14750080B6FF /* Debug */ = {
			isa = XCBuildConfiguration;
			buildSettings = {
				ALWAYS_EMBED_SWIFT_STANDARD_LIBRARIES = YES;
				BUNDLE_LOADER = "$(TEST_HOST)";
				CODE_SIGN_STYLE = Automatic;
				DEVELOPMENT_TEAM = 7LPSTH4CZ2;
				INFOPLIST_FILE = testTests/Info.plist;
				LD_RUNPATH_SEARCH_PATHS = (
					"$(inherited)",
					"@executable_path/Frameworks",
					"@loader_path/Frameworks",
				);
				PRODUCT_BUNDLE_IDENTIFIER = "com.marley-spoon.testTests";
				PRODUCT_NAME = "$(TARGET_NAME)";
				SWIFT_VERSION = 5.0;
				TARGETED_DEVICE_FAMILY = "1,2";
				TEST_HOST = "$(BUILT_PRODUCTS_DIR)/test.app/test";
			};
			name = Debug;
		};
		AA123AD5229D14750080B6FF /* Release */ = {
			isa = XCBuildConfiguration;
			buildSettings = {
				ALWAYS_EMBED_SWIFT_STANDARD_LIBRARIES = YES;
				BUNDLE_LOADER = "$(TEST_HOST)";
				CODE_SIGN_STYLE = Automatic;
				DEVELOPMENT_TEAM = 7LPSTH4CZ2;
				INFOPLIST_FILE = testTests/Info.plist;
				LD_RUNPATH_SEARCH_PATHS = (
					"$(inherited)",
					"@executable_path/Frameworks",
					"@loader_path/Frameworks",
				);
				PRODUCT_BUNDLE_IDENTIFIER = "com.marley-spoon.testTests";
				PRODUCT_NAME = "$(TARGET_NAME)";
				SWIFT_VERSION = 5.0;
				TARGETED_DEVICE_FAMILY = "1,2";
				TEST_HOST = "$(BUILT_PRODUCTS_DIR)/test.app/test";
			};
			name = Release;
		};
		AA123AD7229D14750080B6FF /* Debug */ = {
			isa = XCBuildConfiguration;
			buildSettings = {
				ALWAYS_EMBED_SWIFT_STANDARD_LIBRARIES = YES;
				CODE_SIGN_STYLE = Automatic;
				DEVELOPMENT_TEAM = 7LPSTH4CZ2;
				INFOPLIST_FILE = testUITests/Info.plist;
				LD_RUNPATH_SEARCH_PATHS = (
					"$(inherited)",
					"@executable_path/Frameworks",
					"@loader_path/Frameworks",
				);
				PRODUCT_BUNDLE_IDENTIFIER = "com.marley-spoon.testUITests";
				PRODUCT_NAME = "$(TARGET_NAME)";
				SWIFT_VERSION = 5.0;
				TARGETED_DEVICE_FAMILY = "1,2";
				TEST_TARGET_NAME = test;
			};
			name = Debug;
		};
		AA123AD8229D14750080B6FF /* Release */ = {
			isa = XCBuildConfiguration;
			buildSettings = {
				ALWAYS_EMBED_SWIFT_STANDARD_LIBRARIES = YES;
				CODE_SIGN_STYLE = Automatic;
				DEVELOPMENT_TEAM = 7LPSTH4CZ2;
				INFOPLIST_FILE = testUITests/Info.plist;
				LD_RUNPATH_SEARCH_PATHS = (
					"$(inherited)",
					"@executable_path/Frameworks",
					"@loader_path/Frameworks",
				);
				PRODUCT_BUNDLE_IDENTIFIER = "com.marley-spoon.testUITests";
				PRODUCT_NAME = "$(TARGET_NAME)";
				SWIFT_VERSION = 5.0;
				TARGETED_DEVICE_FAMILY = "1,2";
				TEST_TARGET_NAME = test;
			};
			name = Release;
		};
/* End XCBuildConfiguration section */

/* Begin XCConfigurationList section */
		AA123AA0229D14720080B6FF /* Build configuration list for PBXProject "test" */ = {
			isa = XCConfigurationList;
			buildConfigurations = (
				AA123ACE229D14750080B6FF /* Debug */,
				AA123ACF229D14750080B6FF /* Release */,
			);
			defaultConfigurationIsVisible = 0;
			defaultConfigurationName = Release;
		};
		AA123AD0229D14750080B6FF /* Build configuration list for PBXNativeTarget "test" */ = {
			isa = XCConfigurationList;
			buildConfigurations = (
				AA123AD1229D14750080B6FF /* Debug */,
				AA123AD2229D14750080B6FF /* Release */,
			);
			defaultConfigurationIsVisible = 0;
			defaultConfigurationName = Release;
		};
		AA123AD3229D14750080B6FF /* Build configuration list for PBXNativeTarget "testTests" */ = {
			isa = XCConfigurationList;
			buildConfigurations = (
				AA123AD4229D14750080B6FF /* Debug */,
				AA123AD5229D14750080B6FF /* Release */,
			);
			defaultConfigurationIsVisible = 0;
			defaultConfigurationName = Release;
		};
		AA123AD6229D14750080B6FF /* Build configuration list for PBXNativeTarget "testUITests" */ = {
			isa = XCConfigurationList;
			buildConfigurations = (
				AA123AD7229D14750080B6FF /* Debug */,
				AA123AD8229D14750080B6FF /* Release */,
			);
			defaultConfigurationIsVisible = 0;
			defaultConfigurationName = Release;
		};
/* End XCConfigurationList section */

/* Begin XCVersionGroup section */
		AA123AAF229D14720080B6FF /* test.xcdatamodeld */ = {
			isa = XCVersionGroup;
			children = (
				AA123AB0229D14720080B6FF /* test.xcdatamodel */,
			);
			currentVersion = AA123AB0229D14720080B6FF /* test.xcdatamodel */;
			path = test.xcdatamodeld;
			sourceTree = "<group>";
			versionGroupType = wrapper.xcdatamodel;
		};
/* End XCVersionGroup section */
	};
	rootObject = AA123A9D229D14720080B6FF /* Project object */;
}
